{
  "name": "ISPP-G9-22-23",
  "lockfileVersion": 3,
  "requires": true,
  "packages": {
    "": {
      "dependencies": {
        "@awesome-cordova-plugins/screen-orientation": "^6.3.0",
        "@capacitor/app": "^4.1.1",
        "@capacitor/haptics": "^4.1.0",
        "@capacitor/keyboard": "^4.1.1",
        "@capacitor/status-bar": "^4.1.1",
        "cordova-plugin-screen-orientation": "^3.0.3"
      }
    },
    "node_modules/@awesome-cordova-plugins/core": {
      "version": "6.3.0",
      "resolved": "https://registry.npmjs.org/@awesome-cordova-plugins/core/-/core-6.3.0.tgz",
      "integrity": "sha512-MkcWO8akZLHa2RSJEPf76Y3P9wPqh5oXE8YCzn2vnYYeNyYWYnka2pHFsgUdbXJNiS+YeveUzvw+Isweg+wynA==",
      "peer": true,
      "dependencies": {
        "@types/cordova": "latest"
      },
      "peerDependencies": {
        "rxjs": "^5.5.0 || ^6.5.0 || ^7.3.0"
      }
    },
    "node_modules/@awesome-cordova-plugins/screen-orientation": {
      "version": "6.3.0",
      "resolved": "https://registry.npmjs.org/@awesome-cordova-plugins/screen-orientation/-/screen-orientation-6.3.0.tgz",
      "integrity": "sha512-tfMXluqqqm/DfONiZAfYPIejF18bFXYxra6D+buVLdV5oJ+JENOxEe6y4F6bz6Xk/fCUlv/jEVaL6sed8MBhQw==",
      "dependencies": {
        "@types/cordova": "latest"
      },
      "peerDependencies": {
        "@awesome-cordova-plugins/core": "^6.0.1",
        "rxjs": "^5.5.0 || ^6.5.0 || ^7.3.0"
      }
    },
    "node_modules/@capacitor/app": {
      "version": "4.1.1",
      "resolved": "https://registry.npmjs.org/@capacitor/app/-/app-4.1.1.tgz",
      "integrity": "sha512-SJcJA1rhFQyeH6eLfUEbdKkHzAwzahJNVPNXmU88fdmXpMgM2dJGzZj1vrm6e21aQq+Z4aBVLJ2RCdj92zD7wg==",
      "peerDependencies": {
        "@capacitor/core": "^4.0.0"
      }
    },
    "node_modules/@capacitor/core": {
      "version": "4.7.1",
      "resolved": "https://registry.npmjs.org/@capacitor/core/-/core-4.7.1.tgz",
      "integrity": "sha512-NZcsyPNt1avNELnKuD5OsL/O/ejQxlw9UkLUEuiptPPAEwS8WJ1gGabaEBbCb2wNA/nPfrGH+ZC2LGhlpMlLeg==",
      "peer": true,
      "dependencies": {
        "tslib": "^2.1.0"
      }
    },
    "node_modules/@capacitor/haptics": {
      "version": "4.1.0",
      "resolved": "https://registry.npmjs.org/@capacitor/haptics/-/haptics-4.1.0.tgz",
      "integrity": "sha512-gAIFy50e1VZPdokRFLkl8Y+yZYB3e4brd5yu9DRShbWbheruwU34TxtG5C1NANvq4mbXd3tMXzBi59Q5JFyTHA==",
      "peerDependencies": {
        "@capacitor/core": "^4.0.0"
      }
    },
    "node_modules/@capacitor/keyboard": {
      "version": "4.1.1",
      "resolved": "https://registry.npmjs.org/@capacitor/keyboard/-/keyboard-4.1.1.tgz",
      "integrity": "sha512-fdC7u2TeG4BqwC0LnPnhOdya31C4QKdhk/8pc5lxI9X5jyYAetMCN1kEkKa7KREw4DdzXotJt27B9BXxAza6og==",
      "peerDependencies": {
        "@capacitor/core": "^4.0.0"
      }
    },
    "node_modules/@capacitor/status-bar": {
      "version": "4.1.1",
      "resolved": "https://registry.npmjs.org/@capacitor/status-bar/-/status-bar-4.1.1.tgz",
      "integrity": "sha512-3wosxMD1XuIFz88+c2GdVEHSJV6u7suOeKQjyWf3zf9eFr622Sg+udZqDbC0dtTWXw97BWyCjv3r1EYJw7XnIA==",
      "peerDependencies": {
        "@capacitor/core": "^4.0.0"
      }
    },
    "node_modules/@types/cordova": {
      "version": "11.0.0",
      "resolved": "https://registry.npmjs.org/@types/cordova/-/cordova-11.0.0.tgz",
      "integrity": "sha512-AtBm1IAqqXsXszJe6XxuA2iXLhraNCj25p/FHRyikPeW0Z3YfgM6qzWb+VJglJTmZc5lqRNy84cYM/sQI5v6Vw=="
    },
    "node_modules/cordova-plugin-screen-orientation": {
      "version": "3.0.3",
      "resolved": "https://registry.npmjs.org/cordova-plugin-screen-orientation/-/cordova-plugin-screen-orientation-3.0.3.tgz",
      "integrity": "sha512-Dt8lO8BECZfE/pKbYQZ72Wr811fYMScxw7c9v/gJ3etOPCBrgl8xIHOOZu4nY2ehRyxFPtZi3VeGvIG+3DZoZQ==",
      "engines": {
        "cordovaDependencies": {
          "4.0.0": {
            "cordova": ">100"
          }
        }
      }
    },
    "node_modules/rxjs": {
      "version": "7.8.0",
      "resolved": "https://registry.npmjs.org/rxjs/-/rxjs-7.8.0.tgz",
      "integrity": "sha512-F2+gxDshqmIub1KdvZkaEfGDwLNpPvk9Fs6LD/MyQxNgMds/WH9OdDDXOmxUZpME+iSK3rQCctkL0DYyytUqMg==",
      "peer": true,
      "dependencies": {
        "tslib": "^2.1.0"
      }
    },
    "node_modules/tslib": {
      "version": "2.5.0",
      "resolved": "https://registry.npmjs.org/tslib/-/tslib-2.5.0.tgz",
      "integrity": "sha512-336iVw3rtn2BUK7ORdIAHTyxHGRIHVReokCR3XjbckJMK7ms8FysBfhLR8IXnAgy7T0PTPNBWKiH514FOW/WSg==",
      "peer": true
    }
  }
}
